
Microsoft Visual Studio Solution File, Format Version 12.00
# Visual Studio Version 16
VisualStudioVersion = 16.0.31112.23
MinimumVisualStudioVersion = 10.0.40219.1
Project("{FAE04EC0-301F-11D3-BF4B-00C04F79EFBC}") = "MilkAndCookies", "MilkAndCookies.csproj", "{EC97C939-8447-4CF4-8B5F-F9D3F3631DA0}"
EndProject
Global
	GlobalSection(SolutionConfigurationPlatforms) = preSolution
		Debug|Any CPU = Debug|Any CPU
		Release|Any CPU = Release|Any CPU
	EndGlobalSection
	GlobalSection(ProjectConfigurationPlatforms) = postSolution
		{EC97C939-8447-4CF4-8B5F-F9D3F3631DA0}.Debug|Any CPU.ActiveCfg = Debug|Any CPU
		{EC97C939-8447-4CF4-8B5F-F9D3F3631DA0}.Debug|Any CPU.Build.0 = Debug|Any CPU
		{EC97C939-8447-4CF4-8B5F-F9D3F3631DA0}.Release|Any CPU.ActiveCfg = Release|Any CPU
		{EC97C939-8447-4CF4-8B5F-F9D3F3631DA0}.Release|Any CPU.Build.0 = Release|Any CPU
	EndGlobalSection
	GlobalSection(SolutionProperties) = preSolution
		HideSolutionNode = FALSE
	EndGlobalSection
	GlobalSection(ExtensibilityGlobals) = postSolution
		SolutionGuid = {A37BA54A-062F-4A59-8761-18EBFE8E5B21}
	EndGlobalSection
EndGlobal
